PODS:
  - ZZBaseKit (0.1.4):
    - ZZBaseKit/Defines (= 0.1.4)
    - ZZBaseKit/Extensions (= 0.1.4)
    - ZZBaseKit/Tools (= 0.1.4)
  - ZZBaseKit/Defines (0.1.4)
  - ZZBaseKit/Extensions (0.1.4)
  - ZZBaseKit/Tools (0.1.4)

DEPENDENCIES:
  - ZZBaseKit (from `../`)

EXTERNAL SOURCES:
  ZZBaseKit:
    :path: "../"

SPEC CHECKSUMS:
  ZZBaseKit: ee4dd7a2aaff08dc621f25d5fc3a84709d0e0970

PODFILE CHECKSUM: d01cf707a95120d5465ccf83ab61cb0f5d287581

COCOAPODS: 1.7.0.beta.3
